
Microsoft Visual Studio Solution File, Format Version 12.00
Project("{2150E333-8FDC-42A3-9474-1A3956D46DE8}") = "src", "src", "{0E21C446-CF02-48B7-B0FF-7072D7253BF9}"
EndProject
Project("{2150E333-8FDC-42A3-9474-1A3956D46DE8}") = "BuildingBlocks", "BuildingBlocks", "{BA15E7BB-E279-4AA3-BBAE-1E0081882C41}"
EndProject
Project("{2150E333-8FDC-42A3-9474-1A3956D46DE8}") = "Web", "Web", "{035F48C7-1329-452E-BA7E-D01146EBAD35}"
EndProject
Project("{2150E333-8FDC-42A3-9474-1A3956D46DE8}") = "Services", "Services", "{B3C87B63-CCB0-45B0-907E-79938633D4B8}"
EndProject
Project("{2150E333-8FDC-42A3-9474-1A3956D46DE8}") = "Identidade", "Identidade", "{6CD70B9C-1B28-4420-BB65-C8D2F2BC33CC}"
EndProject
Project("{FAE04EC0-301F-11D3-BF4B-00C04F79EFBC}") = "MVM.LojaVirtual.Identidade.API", "src\Services\MVM.LojaVirtual.Identidade.API\MVM.LojaVirtual.Identidade.API.csproj", "{D1DC3A36-6200-478B-AC59-BFA255754F4C}"
EndProject
Project("{2150E333-8FDC-42A3-9474-1A3956D46DE8}") = "Solution Items", "Solution Items", "{3B6A6827-2790-45CC-97BB-DCA30EE907DD}"
	ProjectSection(SolutionItems) = preProject
		docker-compose.yml = docker-compose.yml
	EndProjectSection
EndProject
Project("{FAE04EC0-301F-11D3-BF4B-00C04F79EFBC}") = "MVM.LojaVirtual.MVC", "src\Web\MVM.LojaVirtual.MVC\MVM.LojaVirtual.MVC.csproj", "{DC07362C-3C49-4521-8817-B63948423741}"
EndProject
Project("{2150E333-8FDC-42A3-9474-1A3956D46DE8}") = "Core", "Core", "{AC8B515F-6BBC-411F-B53B-7E3EB4282CCE}"
EndProject
Project("{2150E333-8FDC-42A3-9474-1A3956D46DE8}") = "Carrinho", "Carrinho", "{F096587C-6A3B-4306-BDAB-95AFC4F2C64D}"
EndProject
Project("{2150E333-8FDC-42A3-9474-1A3956D46DE8}") = "Pedidos", "Pedidos", "{2B55FAD7-9CFA-40A4-BF45-F9CD031FB5E7}"
EndProject
Project("{2150E333-8FDC-42A3-9474-1A3956D46DE8}") = "Catalogo", "Catalogo", "{CFA9D12E-B0FD-420A-BE86-A19D80431718}"
EndProject
Project("{FAE04EC0-301F-11D3-BF4B-00C04F79EFBC}") = "MVM.LojaVirtual.Catalogo.API", "src\Services\MVM.LojaVirtual.Catalogo.API\MVM.LojaVirtual.Catalogo.API.csproj", "{2EE497EE-4B3D-4BDE-A4CE-0BD0A6F1F651}"
EndProject
Project("{2150E333-8FDC-42A3-9474-1A3956D46DE8}") = "Services", "Services", "{B241E957-EAA0-4040-8BB6-F16C9C775D67}"
EndProject
Project("{FAE04EC0-301F-11D3-BF4B-00C04F79EFBC}") = "MVM.LojaVirtual.Core", "src\BuildingBlocks\Core\MVM.LojaVirtual.Core\MVM.LojaVirtual.Core.csproj", "{5073CD09-FDC1-41D9-AD63-F186632E3C71}"
EndProject
Project("{FAE04EC0-301F-11D3-BF4B-00C04F79EFBC}") = "MVM.LojaVirtual.IdentityCore", "src\BuildingBlocks\Services\MVM.LojaVirtual.IdentityCore\MVM.LojaVirtual.IdentityCore.csproj", "{4210997B-4113-4C04-B8F0-021D2AC2E94C}"
EndProject
Global
	GlobalSection(SolutionConfigurationPlatforms) = preSolution
		Debug|Any CPU = Debug|Any CPU
		Release|Any CPU = Release|Any CPU
	EndGlobalSection
	GlobalSection(NestedProjects) = preSolution
		{BA15E7BB-E279-4AA3-BBAE-1E0081882C41} = {0E21C446-CF02-48B7-B0FF-7072D7253BF9}
		{035F48C7-1329-452E-BA7E-D01146EBAD35} = {0E21C446-CF02-48B7-B0FF-7072D7253BF9}
		{B3C87B63-CCB0-45B0-907E-79938633D4B8} = {0E21C446-CF02-48B7-B0FF-7072D7253BF9}
		{6CD70B9C-1B28-4420-BB65-C8D2F2BC33CC} = {B3C87B63-CCB0-45B0-907E-79938633D4B8}
		{D1DC3A36-6200-478B-AC59-BFA255754F4C} = {6CD70B9C-1B28-4420-BB65-C8D2F2BC33CC}
		{DC07362C-3C49-4521-8817-B63948423741} = {035F48C7-1329-452E-BA7E-D01146EBAD35}
		{AC8B515F-6BBC-411F-B53B-7E3EB4282CCE} = {BA15E7BB-E279-4AA3-BBAE-1E0081882C41}
		{F096587C-6A3B-4306-BDAB-95AFC4F2C64D} = {B3C87B63-CCB0-45B0-907E-79938633D4B8}
		{2B55FAD7-9CFA-40A4-BF45-F9CD031FB5E7} = {B3C87B63-CCB0-45B0-907E-79938633D4B8}
		{CFA9D12E-B0FD-420A-BE86-A19D80431718} = {B3C87B63-CCB0-45B0-907E-79938633D4B8}
		{2EE497EE-4B3D-4BDE-A4CE-0BD0A6F1F651} = {CFA9D12E-B0FD-420A-BE86-A19D80431718}
		{B241E957-EAA0-4040-8BB6-F16C9C775D67} = {BA15E7BB-E279-4AA3-BBAE-1E0081882C41}
		{5073CD09-FDC1-41D9-AD63-F186632E3C71} = {AC8B515F-6BBC-411F-B53B-7E3EB4282CCE}
		{4210997B-4113-4C04-B8F0-021D2AC2E94C} = {B241E957-EAA0-4040-8BB6-F16C9C775D67}
	EndGlobalSection
	GlobalSection(ProjectConfigurationPlatforms) = postSolution
		{D1DC3A36-6200-478B-AC59-BFA255754F4C}.Debug|Any CPU.ActiveCfg = Debug|Any CPU
		{D1DC3A36-6200-478B-AC59-BFA255754F4C}.Debug|Any CPU.Build.0 = Debug|Any CPU
		{D1DC3A36-6200-478B-AC59-BFA255754F4C}.Release|Any CPU.ActiveCfg = Release|Any CPU
		{D1DC3A36-6200-478B-AC59-BFA255754F4C}.Release|Any CPU.Build.0 = Release|Any CPU
		{DC07362C-3C49-4521-8817-B63948423741}.Debug|Any CPU.ActiveCfg = Debug|Any CPU
		{DC07362C-3C49-4521-8817-B63948423741}.Debug|Any CPU.Build.0 = Debug|Any CPU
		{DC07362C-3C49-4521-8817-B63948423741}.Release|Any CPU.ActiveCfg = Release|Any CPU
		{DC07362C-3C49-4521-8817-B63948423741}.Release|Any CPU.Build.0 = Release|Any CPU
		{2EE497EE-4B3D-4BDE-A4CE-0BD0A6F1F651}.Debug|Any CPU.ActiveCfg = Debug|Any CPU
		{2EE497EE-4B3D-4BDE-A4CE-0BD0A6F1F651}.Debug|Any CPU.Build.0 = Debug|Any CPU
		{2EE497EE-4B3D-4BDE-A4CE-0BD0A6F1F651}.Release|Any CPU.ActiveCfg = Release|Any CPU
		{2EE497EE-4B3D-4BDE-A4CE-0BD0A6F1F651}.Release|Any CPU.Build.0 = Release|Any CPU
		{5073CD09-FDC1-41D9-AD63-F186632E3C71}.Debug|Any CPU.ActiveCfg = Debug|Any CPU
		{5073CD09-FDC1-41D9-AD63-F186632E3C71}.Debug|Any CPU.Build.0 = Debug|Any CPU
		{5073CD09-FDC1-41D9-AD63-F186632E3C71}.Release|Any CPU.ActiveCfg = Release|Any CPU
		{5073CD09-FDC1-41D9-AD63-F186632E3C71}.Release|Any CPU.Build.0 = Release|Any CPU
		{4210997B-4113-4C04-B8F0-021D2AC2E94C}.Debug|Any CPU.ActiveCfg = Debug|Any CPU
		{4210997B-4113-4C04-B8F0-021D2AC2E94C}.Debug|Any CPU.Build.0 = Debug|Any CPU
		{4210997B-4113-4C04-B8F0-021D2AC2E94C}.Release|Any CPU.ActiveCfg = Release|Any CPU
		{4210997B-4113-4C04-B8F0-021D2AC2E94C}.Release|Any CPU.Build.0 = Release|Any CPU
	EndGlobalSection
EndGlobal
